<?xml version="1.0" encoding="UTF-8" standalone="yes" ?>
<CodeBlocks_project_file>
	<FileVersion major="1" minor="6" />
	<Project>
		<Option title="#define_DulC - Recargado" />
		<Option pch_mode="2" />
		<Option compiler="gcc" />
		<Build>
			<Target title="Debug">
				<Option output="bin/Debug/#define_DulC - Recargado" prefix_auto="1" extension_auto="1" />
				<Option object_output="obj/Debug/" />
				<Option type="1" />
				<Option compiler="gcc" />
				<Compiler>
					<Add option="-g" />
				</Compiler>
			</Target>
			<Target title="Release">
				<Option output="bin/Release/#define_DulC - Recargado" prefix_auto="1" extension_auto="1" />
				<Option object_output="obj/Release/" />
				<Option type="1" />
				<Option compiler="gcc" />
				<Compiler>
					<Add option="-O2" />
				</Compiler>
				<Linker>
					<Add option="-s" />
				</Linker>
			</Target>
		</Build>
		<Compiler>
			<Add option="-Wall" />
		</Compiler>
		<Unit filename="arbol.c">
			<Option compilerVar="CC" />
		</Unit>
		<Unit filename="arbol.h" />
		<Unit filename="cliente.c">
			<Option compilerVar="CC" />
		</Unit>
		<Unit filename="cliente.h" />
		<Unit filename="colores.c">
			<Option compilerVar="CC" />
		</Unit>
		<Unit filename="colores.h" />
		<Unit filename="filaPedido.c">
			<Option compilerVar="CC" />
		</Unit>
		<Unit filename="filaPedido.h" />
		<Unit filename="listaCelda.c">
			<Option compilerVar="CC" />
		</Unit>
		<Unit filename="listaCelda.h" />
		<Unit filename="listaCliente.c">
			<Option compilerVar="CC" />
		</Unit>
		<Unit filename="listaCliente.h" />
		<Unit filename="listaProductos.c">
			<Option compilerVar="CC" />
		</Unit>
		<Unit filename="listaProductos.h" />
		<Unit filename="main.c">
			<Option compilerVar="CC" />
		</Unit>
		<Unit filename="pila.c">
			<Option compilerVar="CC" />
		</Unit>
		<Unit filename="pila.h" />
		<Unit filename="pilaProducto.c">
			<Option compilerVar="CC" />
		</Unit>
		<Unit filename="pilaProducto.h" />
		<Unit filename="producto.c">
			<Option compilerVar="CC" />
		</Unit>
		<Unit filename="producto.h" />
		<Extensions>
			<lib_finder disable_auto="1" />
		</Extensions>
	</Project>
</CodeBlocks_project_file>
